
Microsoft Visual Studio Solution File, Format Version 12.00
# Visual Studio Version 16
VisualStudioVersion = 16.0.29306.81
MinimumVisualStudioVersion = 10.0.40219.1
Project("{9A19103F-16F7-4668-BE54-9A1E7A4F7556}") = "Inventory", "Inventory\Inventory.csproj", "{365DBF0E-A9A4-4E46-A5A6-33924875A86E}"
EndProject
Global
	GlobalSection(SolutionConfigurationPlatforms) = preSolution
		Debug|Any CPU = Debug|Any CPU
		Release|Any CPU = Release|Any CPU
	EndGlobalSection
	GlobalSection(ProjectConfigurationPlatforms) = postSolution
		{365DBF0E-A9A4-4E46-A5A6-33924875A86E}.Debug|Any CPU.ActiveCfg = Debug|Any CPU
		{365DBF0E-A9A4-4E46-A5A6-33924875A86E}.Debug|Any CPU.Build.0 = Debug|Any CPU
		{365DBF0E-A9A4-4E46-A5A6-33924875A86E}.Release|Any CPU.ActiveCfg = Release|Any CPU
		{365DBF0E-A9A4-4E46-A5A6-33924875A86E}.Release|Any CPU.Build.0 = Release|Any CPU
	EndGlobalSection
	GlobalSection(SolutionProperties) = preSolution
		HideSolutionNode = FALSE
	EndGlobalSection
	GlobalSection(ExtensibilityGlobals) = postSolution
		SolutionGuid = {10A54782-3B63-4917-BB92-213DC7AC9BFC}
	EndGlobalSection
EndGlobal
